
Microsoft Visual Studio Solution File, Format Version 12.00
# Visual Studio 15
VisualStudioVersion = 15.0.28307.852
MinimumVisualStudioVersion = 10.0.40219.1
Project("{9A19103F-16F7-4668-BE54-9A1E7A4F7556}") = "CrispyWaffle", "Src\CrispyWaffle\CrispyWaffle.csproj", "{A894B2B1-0FE1-4AE2-A1D8-3B20DAAE3C9E}"
EndProject
Project("{FAE04EC0-301F-11D3-BF4B-00C04F79EFBC}") = "CrispyWaffle.Tests", "Tests\CrispyWaffle.Tests\CrispyWaffle.Tests.csproj", "{E10F37BC-0586-41D7-8F66-7B135D137582}"
EndProject
Project("{2150E333-8FDC-42A3-9474-1A3956D46DE8}") = "Src", "Src", "{2FD912BD-34A5-4F9E-8192-CD7AEFD572B5}"
EndProject
Project("{2150E333-8FDC-42A3-9474-1A3956D46DE8}") = "Tests", "Tests", "{AA14B952-E519-4983-BF49-E106490AAF1F}"
EndProject
Global
	GlobalSection(SolutionConfigurationPlatforms) = preSolution
		Debug|Any CPU = Debug|Any CPU
		Release|Any CPU = Release|Any CPU
	EndGlobalSection
	GlobalSection(ProjectConfigurationPlatforms) = postSolution
		{A894B2B1-0FE1-4AE2-A1D8-3B20DAAE3C9E}.Debug|Any CPU.ActiveCfg = Debug|Any CPU
		{A894B2B1-0FE1-4AE2-A1D8-3B20DAAE3C9E}.Debug|Any CPU.Build.0 = Debug|Any CPU
		{A894B2B1-0FE1-4AE2-A1D8-3B20DAAE3C9E}.Release|Any CPU.ActiveCfg = Release|Any CPU
		{A894B2B1-0FE1-4AE2-A1D8-3B20DAAE3C9E}.Release|Any CPU.Build.0 = Release|Any CPU
		{E10F37BC-0586-41D7-8F66-7B135D137582}.Debug|Any CPU.ActiveCfg = Debug|Any CPU
		{E10F37BC-0586-41D7-8F66-7B135D137582}.Debug|Any CPU.Build.0 = Debug|Any CPU
		{E10F37BC-0586-41D7-8F66-7B135D137582}.Release|Any CPU.ActiveCfg = Release|Any CPU
		{E10F37BC-0586-41D7-8F66-7B135D137582}.Release|Any CPU.Build.0 = Release|Any CPU
	EndGlobalSection
	GlobalSection(SolutionProperties) = preSolution
		HideSolutionNode = FALSE
	EndGlobalSection
	GlobalSection(NestedProjects) = preSolution
		{A894B2B1-0FE1-4AE2-A1D8-3B20DAAE3C9E} = {2FD912BD-34A5-4F9E-8192-CD7AEFD572B5}
		{E10F37BC-0586-41D7-8F66-7B135D137582} = {AA14B952-E519-4983-BF49-E106490AAF1F}
	EndGlobalSection
	GlobalSection(ExtensibilityGlobals) = postSolution
		SolutionGuid = {FAE960DB-B996-4FB3-858C-61BA7C7CD86E}
	EndGlobalSection
EndGlobal
